<?xml version="1.0" encoding="utf-8"?>
<Project ToolsVersion="4.0" xmlns="http://schemas.microsoft.com/developer/msbuild/2003">
  <ItemGroup>
    <Filter Include="Source Files">
      <UniqueIdentifier>{4FC737F1-C7A5-4376-A066-2A32D752A2FF}</UniqueIdentifier>
      <Extensions>cpp;c;cc;cxx;c++;cppm;ixx;def;odl;idl;hpj;bat;asm;asmx</Extensions>
    </Filter>
    <Filter Include="Header Files">
      <UniqueIdentifier>{93995380-89BD-4b04-88EB-625FBE52EBFB}</UniqueIdentifier>
      <Extensions>h;hh;hpp;hxx;h++;hm;inl;inc;ipp;xsd</Extensions>
    </Filter>
    <Filter Include="Header Files\managers">
      <UniqueIdentifier>{8d7f8b5e-8f5e-4f5e-8f5e-8f5e8f5e8f5e}</UniqueIdentifier>
    </Filter>
    <Filter Include="Header Files\models">
      <UniqueIdentifier>{9d7f8b5e-8f5e-4f5e-8f5e-8f5e8f5e8f5e}</UniqueIdentifier>
    </Filter>
    <Filter Include="Header Files\scenes">
      <UniqueIdentifier>{ad7f8b5e-8f5e-4f5e-8f5e-8f5e8f5e8f5e}</UniqueIdentifier>
    </Filter>
    <Filter Include="Header Files\ui">
      <UniqueIdentifier>{bd7f8b5e-8f5e-4f5e-8f5e-8f5e8f5e8f5e}</UniqueIdentifier>
    </Filter>
    <Filter Include="Resource Files">
      <UniqueIdentifier>{67DA6AB6-F800-4c08-8B7A-83BB121AAD01}</UniqueIdentifier>
      <Extensions>rc;ico;cur;bmp;dlg;rc2;rct;bin;rgs;gif;jpg;jpeg;jpe;resx;tiff;tif;png;wav;mfcribbon-ms</Extensions>
    </Filter>
  </ItemGroup>
  <ItemGroup>
    <ClCompile Include="main.cpp">
      <Filter>Source Files</Filter>
    </ClCompile>
  </ItemGroup>
  <ItemGroup>
    <ClInclude Include="managers\AuthManager.h">
      <Filter>Header Files\managers</Filter>
    </ClInclude>
    <ClInclude Include="managers\DataManager.h">
      <Filter>Header Files\managers</Filter>
    </ClInclude>
    <ClInclude Include="managers\GameController.h">
      <Filter>Header Files\managers</Filter>
    </ClInclude>
    <ClInclude Include="managers\InventoryController.h">
      <Filter>Header Files\managers</Filter>
    </ClInclude>
    <ClInclude Include="managers\WorldController.h">
      <Filter>Header Files\managers</Filter>
    </ClInclude>
    <ClInclude Include="models\ItemModel.h">
      <Filter>Header Files\models</Filter>
    </ClInclude>
    <ClInclude Include="models\PlayerModel.h">
      <Filter>Header Files\models</Filter>
    </ClInclude>
    <ClInclude Include="models\WorldModel.h">
      <Filter>Header Files\models</Filter>
    </ClInclude>
    <ClInclude Include="scenes\GameScene.h">
      <Filter>Header Files\scenes</Filter>
    </ClInclude>
    <ClInclude Include="scenes\MainScene.h">
      <Filter>Header Files\scenes</Filter>
    </ClInclude>
    <ClInclude Include="ui\BackpackUI.h">
      <Filter>Header Files\ui</Filter>
    </ClInclude>
    <ClInclude Include="ui\EnhancementUI.h">
      <Filter>Header Files\ui</Filter>
    </ClInclude>
    <ClInclude Include="ui\EquipmentUI.h">
      <Filter>Header Files\ui</Filter>
    </ClInclude>
    <ClInclude Include="ui\MapUI.h">
      <Filter>Header Files\ui</Filter>
    </ClInclude>
    <ClInclude Include="ui\ShopUI.h">
      <Filter>Header Files\ui</Filter>
    </ClInclude>
    <ClInclude Include="ui\StatsUI.h">
      <Filter>Header Files\ui</Filter>
    </ClInclude>
  </ItemGroup>
  <ItemGroup>
    <None Include="concept.md">
      <Filter>Resource Files</Filter>
    </None>
    <None Include="README.md">
      <Filter>Resource Files</Filter>
    </None>
    <None Include="README_INTERFACES.md">
      <Filter>Resource Files</Filter>
    </None>
  </ItemGroup>
</Project>
